
Microsoft Visual Studio Solution File, Format Version 12.00
# Visual Studio Version 16
VisualStudioVersion = 16.0.29709.97
MinimumVisualStudioVersion = 10.0.40219.1
Project("{FAE04EC0-301F-11D3-BF4B-00C04F79EFBC}") = "RohitashavAggarwal_CPRG214_Lab2", "RohitashavAggarwal_CPRG214_Lab2\RohitashavAggarwal_CPRG214_Lab2.csproj", "{946B9543-63F1-4282-AFD5-E019ABEF7835}"
EndProject
Global
	GlobalSection(SolutionConfigurationPlatforms) = preSolution
		Debug|Any CPU = Debug|Any CPU
		Release|Any CPU = Release|Any CPU
	EndGlobalSection
	GlobalSection(ProjectConfigurationPlatforms) = postSolution
		{946B9543-63F1-4282-AFD5-E019ABEF7835}.Debug|Any CPU.ActiveCfg = Debug|Any CPU
		{946B9543-63F1-4282-AFD5-E019ABEF7835}.Debug|Any CPU.Build.0 = Debug|Any CPU
		{946B9543-63F1-4282-AFD5-E019ABEF7835}.Release|Any CPU.ActiveCfg = Release|Any CPU
		{946B9543-63F1-4282-AFD5-E019ABEF7835}.Release|Any CPU.Build.0 = Release|Any CPU
	EndGlobalSection
	GlobalSection(SolutionProperties) = preSolution
		HideSolutionNode = FALSE
	EndGlobalSection
	GlobalSection(ExtensibilityGlobals) = postSolution
		SolutionGuid = {90DE512B-2650-4673-A42D-864432259BEE}
	EndGlobalSection
EndGlobal
