
Microsoft Visual Studio Solution File, Format Version 12.00
# Visual Studio Version 16
VisualStudioVersion = 16.0.29709.97
MinimumVisualStudioVersion = 10.0.40219.1
Project("{FAE04EC0-301F-11D3-BF4B-00C04F79EFBC}") = "RohitashavAggarwal_Workshop5", "RohitashavAggarwal_Workshop5\RohitashavAggarwal_Workshop5.csproj", "{336267F4-7CEF-4102-9423-A85D722728CC}"
EndProject
Global
	GlobalSection(SolutionConfigurationPlatforms) = preSolution
		Debug|Any CPU = Debug|Any CPU
		Release|Any CPU = Release|Any CPU
	EndGlobalSection
	GlobalSection(ProjectConfigurationPlatforms) = postSolution
		{336267F4-7CEF-4102-9423-A85D722728CC}.Debug|Any CPU.ActiveCfg = Debug|Any CPU
		{336267F4-7CEF-4102-9423-A85D722728CC}.Debug|Any CPU.Build.0 = Debug|Any CPU
		{336267F4-7CEF-4102-9423-A85D722728CC}.Release|Any CPU.ActiveCfg = Release|Any CPU
		{336267F4-7CEF-4102-9423-A85D722728CC}.Release|Any CPU.Build.0 = Release|Any CPU
	EndGlobalSection
	GlobalSection(SolutionProperties) = preSolution
		HideSolutionNode = FALSE
	EndGlobalSection
	GlobalSection(ExtensibilityGlobals) = postSolution
		SolutionGuid = {0D397FFB-92BD-444E-B9A0-4BC72AACE0CA}
	EndGlobalSection
EndGlobal
